
Microsoft Visual Studio Solution File, Format Version 12.00
# Visual Studio Version 16
VisualStudioVersion = 16.0.31129.286
MinimumVisualStudioVersion = 10.0.40219.1
Project("{9A19103F-16F7-4668-BE54-9A1E7A4F7556}") = "Library", "Library\Library.csproj", "{905B3843-B859-401A-8EE3-D7D63837BB1C}"
EndProject
Project("{9A19103F-16F7-4668-BE54-9A1E7A4F7556}") = "Ecommerce.Web", "TesteC.Web\Ecommerce.Web.csproj", "{68D7393A-6CBE-4E5B-93CC-A6EED36F7009}"
EndProject
Global
	GlobalSection(SolutionConfigurationPlatforms) = preSolution
		Debug|Any CPU = Debug|Any CPU
		Release|Any CPU = Release|Any CPU
	EndGlobalSection
	GlobalSection(ProjectConfigurationPlatforms) = postSolution
		{905B3843-B859-401A-8EE3-D7D63837BB1C}.Debug|Any CPU.ActiveCfg = Debug|Any CPU
		{905B3843-B859-401A-8EE3-D7D63837BB1C}.Debug|Any CPU.Build.0 = Debug|Any CPU
		{905B3843-B859-401A-8EE3-D7D63837BB1C}.Release|Any CPU.ActiveCfg = Release|Any CPU
		{905B3843-B859-401A-8EE3-D7D63837BB1C}.Release|Any CPU.Build.0 = Release|Any CPU
		{68D7393A-6CBE-4E5B-93CC-A6EED36F7009}.Debug|Any CPU.ActiveCfg = Debug|Any CPU
		{68D7393A-6CBE-4E5B-93CC-A6EED36F7009}.Debug|Any CPU.Build.0 = Debug|Any CPU
		{68D7393A-6CBE-4E5B-93CC-A6EED36F7009}.Release|Any CPU.ActiveCfg = Release|Any CPU
		{68D7393A-6CBE-4E5B-93CC-A6EED36F7009}.Release|Any CPU.Build.0 = Release|Any CPU
	EndGlobalSection
	GlobalSection(SolutionProperties) = preSolution
		HideSolutionNode = FALSE
	EndGlobalSection
	GlobalSection(ExtensibilityGlobals) = postSolution
		SolutionGuid = {86980CE5-9E54-4D45-B767-C956ADD275A4}
	EndGlobalSection
EndGlobal
